<?xml version="1.0" encoding="utf-8"?>
<Project ToolsVersion="17.0" xmlns="http://schemas.microsoft.com/developer/msbuild/2003">
  <ItemGroup>
    <ClCompile Include="F:\git\blender2step\src\step_exporter_fix_shape.cpp">
      <Filter>Source Files</Filter>
    </ClCompile>
    <ClCompile Include="F:\git\blender2step\src\step_exporter_create_shape_from_mesh.cpp">
      <Filter>Source Files</Filter>
    </ClCompile>
    <ClCompile Include="F:\git\blender2step\src\step_exporter_create_solid_from_mesh.cpp">
      <Filter>Source Files</Filter>
    </ClCompile>
    <ClCompile Include="F:\git\blender2step\src\step_exporter_curve.cpp">
      <Filter>Source Files</Filter>
    </ClCompile>
    <ClCompile Include="F:\git\blender2step\src\step_exporter_curve_dict.cpp">
      <Filter>Source Files</Filter>
    </ClCompile>
    <ClCompile Include="F:\git\blender2step\src\step_exporter_curve_poly.cpp">
      <Filter>Source Files</Filter>
    </ClCompile>
    <ClCompile Include="F:\git\blender2step\src\step_exporter_curve_bezier.cpp">
      <Filter>Source Files</Filter>
    </ClCompile>
    <ClCompile Include="F:\git\blender2step\src\step_exporter_curve_nurbs.cpp">
      <Filter>Source Files</Filter>
    </ClCompile>
    <ClCompile Include="F:\git\blender2step\src\step_exporter_curve_common.cpp">
      <Filter>Source Files</Filter>
    </ClCompile>
    <ClCompile Include="F:\git\blender2step\src\step_exporter_shape_fix.cpp">
      <Filter>Source Files</Filter>
    </ClCompile>
    <ClCompile Include="F:\git\blender2step\src\step_exporter_export_scene.cpp">
      <Filter>Source Files</Filter>
    </ClCompile>
    <ClCompile Include="F:\git\blender2step\src\step_exporter_export_enhanced_parse.cpp">
      <Filter>Source Files</Filter>
    </ClCompile>
    <ClCompile Include="F:\git\blender2step\src\step_exporter_export_enhanced_progress.cpp">
      <Filter>Source Files</Filter>
    </ClCompile>
    <ClCompile Include="F:\git\blender2step\src\step_exporter_export_enhanced_writer.cpp">
      <Filter>Source Files</Filter>
    </ClCompile>
    <ClCompile Include="F:\git\blender2step\src\step_exporter_export_enhanced_objects.cpp">
      <Filter>Source Files</Filter>
    </ClCompile>
    <ClCompile Include="F:\git\blender2step\src\step_exporter_export_enhanced_transfer.cpp">
      <Filter>Source Files</Filter>
    </ClCompile>
    <ClCompile Include="F:\git\blender2step\src\step_exporter_export_enhanced.cpp">
      <Filter>Source Files</Filter>
    </ClCompile>
    <ClCompile Include="F:\git\blender2step\src\step_exporter_incremental.cpp">
      <Filter>Source Files</Filter>
    </ClCompile>
    <ClCompile Include="F:\git\blender2step\src\step_exporter_module.cpp">
      <Filter>Source Files</Filter>
    </ClCompile>
    <ClCompile Include="F:\git\blender2step\src\step_converter.cpp">
      <Filter>Source Files</Filter>
    </ClCompile>
    <ClCompile Include="F:\git\blender2step\src\step_exporter_rounded_box.cpp">
      <Filter>Source Files</Filter>
    </ClCompile>
    <ClCompile Include="F:\git\blender2step\src\cylinder\cylinder_detector.cpp">
      <Filter>Source Files</Filter>
    </ClCompile>
    <ClCompile Include="F:\git\blender2step\src\cylinder\cylinder_face_analyzer.cpp">
      <Filter>Source Files</Filter>
    </ClCompile>
    <ClCompile Include="F:\git\blender2step\src\cylinder\cylinder_cluster_detector.cpp">
      <Filter>Source Files</Filter>
    </ClCompile>
    <ClCompile Include="F:\git\blender2step\src\cylinder\cylinder_deduplicator.cpp">
      <Filter>Source Files</Filter>
    </ClCompile>
    <ClCompile Include="F:\git\blender2step\src\cylinder\cylinder_geometry.cpp">
      <Filter>Source Files</Filter>
    </ClCompile>
    <ClCompile Include="F:\git\blender2step\src\cylinder\cylinder_utils.cpp">
      <Filter>Source Files</Filter>
    </ClCompile>
    <ClCompile Include="F:\git\blender2step\src\step_exporter_cylinder_reconstruct.cpp">
      <Filter>Source Files</Filter>
    </ClCompile>
    <ClCompile Include="F:\git\blender2step\src\step_exporter_cylinder_parametric.cpp">
      <Filter>Source Files</Filter>
    </ClCompile>
  </ItemGroup>
  <ItemGroup>
    <ClInclude Include="F:\git\blender2step\src\cylinder\cylinder_types.h">
      <Filter>Header Files</Filter>
    </ClInclude>
    <ClInclude Include="F:\git\blender2step\src\cylinder\cylinder_detector.h">
      <Filter>Header Files</Filter>
    </ClInclude>
    <ClInclude Include="F:\git\blender2step\src\cylinder\cylinder_face_analyzer.h">
      <Filter>Header Files</Filter>
    </ClInclude>
    <ClInclude Include="F:\git\blender2step\src\cylinder\cylinder_cluster_detector.h">
      <Filter>Header Files</Filter>
    </ClInclude>
    <ClInclude Include="F:\git\blender2step\src\cylinder\cylinder_deduplicator.h">
      <Filter>Header Files</Filter>
    </ClInclude>
  </ItemGroup>
  <ItemGroup>
    <CustomBuild Include="F:\git\blender2step\CMakeLists.txt" />
  </ItemGroup>
  <ItemGroup>
    <Filter Include="Header Files">
      <UniqueIdentifier>{69951E0F-7D39-3307-B059-10702CFFCCD3}</UniqueIdentifier>
    </Filter>
    <Filter Include="Source Files">
      <UniqueIdentifier>{8EADB1AF-E28E-3AF4-B6E1-88B1F66AEA27}</UniqueIdentifier>
    </Filter>
  </ItemGroup>
</Project>
